
Microsoft Visual Studio Solution File, Format Version 12.00
# Visual Studio 15
VisualStudioVersion = 15.0.26730.15
MinimumVisualStudioVersion = 10.0.40219.1
Project("{FAE04EC0-301F-11D3-BF4B-00C04F79EFBC}") = "newdotcoreapp", "newdotcoreapp\newdotcoreapp.csproj", "{EAE7E25E-D062-4999-AD72-5EAABECEFF20}"
EndProject
Project("{E53339B2-1760-4266-BCC7-CA923CBCF16C}") = "docker-compose", "docker-compose.dcproj", "{BF5ACCAD-5014-454C-B998-7BF274D367DD}"
EndProject
Global
	GlobalSection(SolutionConfigurationPlatforms) = preSolution
		Debug|Any CPU = Debug|Any CPU
		Release|Any CPU = Release|Any CPU
	EndGlobalSection
	GlobalSection(ProjectConfigurationPlatforms) = postSolution
		{EAE7E25E-D062-4999-AD72-5EAABECEFF20}.Debug|Any CPU.ActiveCfg = Debug|Any CPU
		{EAE7E25E-D062-4999-AD72-5EAABECEFF20}.Debug|Any CPU.Build.0 = Debug|Any CPU
		{EAE7E25E-D062-4999-AD72-5EAABECEFF20}.Release|Any CPU.ActiveCfg = Release|Any CPU
		{EAE7E25E-D062-4999-AD72-5EAABECEFF20}.Release|Any CPU.Build.0 = Release|Any CPU
		{BF5ACCAD-5014-454C-B998-7BF274D367DD}.Debug|Any CPU.ActiveCfg = Debug|Any CPU
		{BF5ACCAD-5014-454C-B998-7BF274D367DD}.Debug|Any CPU.Build.0 = Debug|Any CPU
		{BF5ACCAD-5014-454C-B998-7BF274D367DD}.Release|Any CPU.ActiveCfg = Release|Any CPU
		{BF5ACCAD-5014-454C-B998-7BF274D367DD}.Release|Any CPU.Build.0 = Release|Any CPU
	EndGlobalSection
	GlobalSection(SolutionProperties) = preSolution
		HideSolutionNode = FALSE
	EndGlobalSection
	GlobalSection(ExtensibilityGlobals) = postSolution
		SolutionGuid = {B8C3F798-F517-4496-8689-F21C0909CE43}
	EndGlobalSection
EndGlobal
